
Microsoft Visual Studio Solution File, Format Version 12.00
# Visual Studio Version 16
VisualStudioVersion = 16.0.31624.102
MinimumVisualStudioVersion = 10.0.40219.1
Project("{FAE04EC0-301F-11D3-BF4B-00C04F79EFBC}") = "BabyBox", "BabyBox\BabyBox.csproj", "{5C0844B0-7853-4C65-B0C1-8BED37EDEB32}"
EndProject
Global
	GlobalSection(SolutionConfigurationPlatforms) = preSolution
		Debug|Any CPU = Debug|Any CPU
		Release|Any CPU = Release|Any CPU
	EndGlobalSection
	GlobalSection(ProjectConfigurationPlatforms) = postSolution
		{5C0844B0-7853-4C65-B0C1-8BED37EDEB32}.Debug|Any CPU.ActiveCfg = Debug|Any CPU
		{5C0844B0-7853-4C65-B0C1-8BED37EDEB32}.Debug|Any CPU.Build.0 = Debug|Any CPU
		{5C0844B0-7853-4C65-B0C1-8BED37EDEB32}.Release|Any CPU.ActiveCfg = Release|Any CPU
		{5C0844B0-7853-4C65-B0C1-8BED37EDEB32}.Release|Any CPU.Build.0 = Release|Any CPU
	EndGlobalSection
	GlobalSection(SolutionProperties) = preSolution
		HideSolutionNode = FALSE
	EndGlobalSection
	GlobalSection(ExtensibilityGlobals) = postSolution
		SolutionGuid = {96CA7DA5-CF43-4444-B74E-4A5DC7EE7C0D}
	EndGlobalSection
EndGlobal
